
Microsoft Visual Studio Solution File, Format Version 12.00
# Visual Studio Version 17
VisualStudioVersion = 17.8.34330.188
MinimumVisualStudioVersion = 10.0.40219.1
Project("{FAE04EC0-301F-11D3-BF4B-00C04F79EFBC}") = "Demo_MVC", "Demo_MVC\Demo_MVC.csproj", "{0F4ED71C-AB38-4418-A06C-873C452DAF2E}"
EndProject
Global
	GlobalSection(SolutionConfigurationPlatforms) = preSolution
		Debug|Any CPU = Debug|Any CPU
		Release|Any CPU = Release|Any CPU
	EndGlobalSection
	GlobalSection(ProjectConfigurationPlatforms) = postSolution
		{0F4ED71C-AB38-4418-A06C-873C452DAF2E}.Debug|Any CPU.ActiveCfg = Debug|Any CPU
		{0F4ED71C-AB38-4418-A06C-873C452DAF2E}.Debug|Any CPU.Build.0 = Debug|Any CPU
		{0F4ED71C-AB38-4418-A06C-873C452DAF2E}.Release|Any CPU.ActiveCfg = Release|Any CPU
		{0F4ED71C-AB38-4418-A06C-873C452DAF2E}.Release|Any CPU.Build.0 = Release|Any CPU
	EndGlobalSection
	GlobalSection(SolutionProperties) = preSolution
		HideSolutionNode = FALSE
	EndGlobalSection
	GlobalSection(ExtensibilityGlobals) = postSolution
		SolutionGuid = {911700A7-140A-40C8-86F6-6AA8B771E6E5}
	EndGlobalSection
EndGlobal
